
Microsoft Visual Studio Solution File, Format Version 12.00
# Visual Studio 15
VisualStudioVersion = 15.0.27703.2000
MinimumVisualStudioVersion = 10.0.40219.1
Project("{FAE04EC0-301F-11D3-BF4B-00C04F79EFBC}") = "Macaw.GH", "Macaw.GH\Macaw.GH.csproj", "{CAB73AAF-3320-4B7C-BB72-0398D7515C8D}"
EndProject
Project("{2150E333-8FDC-42A3-9474-1A3956D46DE8}") = "Referenced", "Referenced", "{47A79F66-A40F-480E-BE47-57BA528736A3}"
EndProject
Project("{FAE04EC0-301F-11D3-BF4B-00C04F79EFBC}") = "Macaw", "..\..\Aviary\Macaw\Macaw\Macaw.csproj", "{901B570D-E798-4C1B-BCA2-635C5C4E0E0A}"
EndProject
Project("{FAE04EC0-301F-11D3-BF4B-00C04F79EFBC}") = "Wind", "..\..\Aviary\Wind\Wind\Wind.csproj", "{5B296BD0-780F-4E8A-A7FF-379F437B925A}"
EndProject
Global
	GlobalSection(SolutionConfigurationPlatforms) = preSolution
		Debug|Any CPU = Debug|Any CPU
		Release|Any CPU = Release|Any CPU
	EndGlobalSection
	GlobalSection(ProjectConfigurationPlatforms) = postSolution
		{CAB73AAF-3320-4B7C-BB72-0398D7515C8D}.Debug|Any CPU.ActiveCfg = Debug|Any CPU
		{CAB73AAF-3320-4B7C-BB72-0398D7515C8D}.Debug|Any CPU.Build.0 = Debug|Any CPU
		{CAB73AAF-3320-4B7C-BB72-0398D7515C8D}.Release|Any CPU.ActiveCfg = Release|Any CPU
		{CAB73AAF-3320-4B7C-BB72-0398D7515C8D}.Release|Any CPU.Build.0 = Release|Any CPU
		{901B570D-E798-4C1B-BCA2-635C5C4E0E0A}.Debug|Any CPU.ActiveCfg = Debug|Any CPU
		{901B570D-E798-4C1B-BCA2-635C5C4E0E0A}.Debug|Any CPU.Build.0 = Debug|Any CPU
		{901B570D-E798-4C1B-BCA2-635C5C4E0E0A}.Release|Any CPU.ActiveCfg = Release|Any CPU
		{901B570D-E798-4C1B-BCA2-635C5C4E0E0A}.Release|Any CPU.Build.0 = Release|Any CPU
		{5B296BD0-780F-4E8A-A7FF-379F437B925A}.Debug|Any CPU.ActiveCfg = Debug|Any CPU
		{5B296BD0-780F-4E8A-A7FF-379F437B925A}.Debug|Any CPU.Build.0 = Debug|Any CPU
		{5B296BD0-780F-4E8A-A7FF-379F437B925A}.Release|Any CPU.ActiveCfg = Release|Any CPU
		{5B296BD0-780F-4E8A-A7FF-379F437B925A}.Release|Any CPU.Build.0 = Release|Any CPU
	EndGlobalSection
	GlobalSection(SolutionProperties) = preSolution
		HideSolutionNode = FALSE
	EndGlobalSection
	GlobalSection(NestedProjects) = preSolution
		{901B570D-E798-4C1B-BCA2-635C5C4E0E0A} = {47A79F66-A40F-480E-BE47-57BA528736A3}
		{5B296BD0-780F-4E8A-A7FF-379F437B925A} = {47A79F66-A40F-480E-BE47-57BA528736A3}
	EndGlobalSection
	GlobalSection(ExtensibilityGlobals) = postSolution
		SolutionGuid = {BB409084-1A25-4982-B715-9E110E19A218}
	EndGlobalSection
EndGlobal
